
Microsoft Visual Studio Solution File, Format Version 12.00
# Visual Studio Version 16
VisualStudioVersion = 16.0.29519.87
MinimumVisualStudioVersion = 10.0.40219.1
Project("{FAE04EC0-301F-11D3-BF4B-00C04F79EFBC}") = "PostComment", "PostComment\PostComment.csproj", "{C9F62A90-A381-4F76-8150-1555D698CF13}"
EndProject
Project("{FAE04EC0-301F-11D3-BF4B-00C04F79EFBC}") = "ObjectWCF", "ObjectWCF\ObjectWCF.csproj", "{12011AF7-1423-416B-B19A-01D1D3CAC89F}"
EndProject
Project("{FAE04EC0-301F-11D3-BF4B-00C04F79EFBC}") = "HostWCF", "HostWCF\HostWCF.csproj", "{DD1B22DA-5F81-4465-B035-033BA5F273E0}"
EndProject
Project("{FAE04EC0-301F-11D3-BF4B-00C04F79EFBC}") = "PostCommentClient", "PostCommentClient\PostCommentClient.csproj", "{EBB46E23-9241-413E-9614-A01D0E50A6D0}"
EndProject
Project("{9A19103F-16F7-4668-BE54-9A1E7A4F7556}") = "RazorPagesMovie", "RazorPagesMovie\RazorPagesMovie.csproj", "{ED0C5ADD-0BFB-4E83-9D2B-97EA06485FCE}"
EndProject
Global
	GlobalSection(SolutionConfigurationPlatforms) = preSolution
		Debug|Any CPU = Debug|Any CPU
		Release|Any CPU = Release|Any CPU
	EndGlobalSection
	GlobalSection(ProjectConfigurationPlatforms) = postSolution
		{C9F62A90-A381-4F76-8150-1555D698CF13}.Debug|Any CPU.ActiveCfg = Debug|Any CPU
		{C9F62A90-A381-4F76-8150-1555D698CF13}.Debug|Any CPU.Build.0 = Debug|Any CPU
		{C9F62A90-A381-4F76-8150-1555D698CF13}.Release|Any CPU.ActiveCfg = Release|Any CPU
		{C9F62A90-A381-4F76-8150-1555D698CF13}.Release|Any CPU.Build.0 = Release|Any CPU
		{12011AF7-1423-416B-B19A-01D1D3CAC89F}.Debug|Any CPU.ActiveCfg = Debug|Any CPU
		{12011AF7-1423-416B-B19A-01D1D3CAC89F}.Debug|Any CPU.Build.0 = Debug|Any CPU
		{12011AF7-1423-416B-B19A-01D1D3CAC89F}.Release|Any CPU.ActiveCfg = Release|Any CPU
		{12011AF7-1423-416B-B19A-01D1D3CAC89F}.Release|Any CPU.Build.0 = Release|Any CPU
		{DD1B22DA-5F81-4465-B035-033BA5F273E0}.Debug|Any CPU.ActiveCfg = Debug|Any CPU
		{DD1B22DA-5F81-4465-B035-033BA5F273E0}.Debug|Any CPU.Build.0 = Debug|Any CPU
		{DD1B22DA-5F81-4465-B035-033BA5F273E0}.Release|Any CPU.ActiveCfg = Release|Any CPU
		{DD1B22DA-5F81-4465-B035-033BA5F273E0}.Release|Any CPU.Build.0 = Release|Any CPU
		{EBB46E23-9241-413E-9614-A01D0E50A6D0}.Debug|Any CPU.ActiveCfg = Debug|Any CPU
		{EBB46E23-9241-413E-9614-A01D0E50A6D0}.Debug|Any CPU.Build.0 = Debug|Any CPU
		{EBB46E23-9241-413E-9614-A01D0E50A6D0}.Release|Any CPU.ActiveCfg = Release|Any CPU
		{EBB46E23-9241-413E-9614-A01D0E50A6D0}.Release|Any CPU.Build.0 = Release|Any CPU
		{ED0C5ADD-0BFB-4E83-9D2B-97EA06485FCE}.Debug|Any CPU.ActiveCfg = Debug|Any CPU
		{ED0C5ADD-0BFB-4E83-9D2B-97EA06485FCE}.Debug|Any CPU.Build.0 = Debug|Any CPU
		{ED0C5ADD-0BFB-4E83-9D2B-97EA06485FCE}.Release|Any CPU.ActiveCfg = Release|Any CPU
		{ED0C5ADD-0BFB-4E83-9D2B-97EA06485FCE}.Release|Any CPU.Build.0 = Release|Any CPU
	EndGlobalSection
	GlobalSection(SolutionProperties) = preSolution
		HideSolutionNode = FALSE
	EndGlobalSection
	GlobalSection(ExtensibilityGlobals) = postSolution
		SolutionGuid = {AA457961-8CDE-4A4B-B3F9-E189B393993E}
	EndGlobalSection
EndGlobal
